
Microsoft Visual Studio Solution File, Format Version 12.00
# Visual Studio Version 16
VisualStudioVersion = 16.0.31624.102
MinimumVisualStudioVersion = 10.0.40219.1
Project("{FAE04EC0-301F-11D3-BF4B-00C04F79EFBC}") = "programering", "programering\programering.csproj", "{C7E1F611-2319-45FA-936A-225BCAC13B3B}"
EndProject
Project("{FAE04EC0-301F-11D3-BF4B-00C04F79EFBC}") = "gittest", "gittest\gittest.csproj", "{7C8C0DE8-911E-49FA-9C7F-7DF48B573BB5}"
EndProject
Project("{FAE04EC0-301F-11D3-BF4B-00C04F79EFBC}") = "textavdent", "textavdent\textavdent.csproj", "{CC9A6D44-9619-444F-99A6-9596744E9FD4}"
EndProject
Project("{FAE04EC0-301F-11D3-BF4B-00C04F79EFBC}") = "hangman", "hangman\hangman.csproj", "{52BBCC2B-6ACD-4B2C-8188-78794A6A4333}"
EndProject
Project("{FAE04EC0-301F-11D3-BF4B-00C04F79EFBC}") = "guess the number", "guess the number\guess the number.csproj", "{25A7E15A-23E3-409D-987F-B5383F50614D}"
EndProject
Global
	GlobalSection(SolutionConfigurationPlatforms) = preSolution
		Debug|Any CPU = Debug|Any CPU
		Release|Any CPU = Release|Any CPU
	EndGlobalSection
	GlobalSection(ProjectConfigurationPlatforms) = postSolution
		{C7E1F611-2319-45FA-936A-225BCAC13B3B}.Debug|Any CPU.ActiveCfg = Debug|Any CPU
		{C7E1F611-2319-45FA-936A-225BCAC13B3B}.Debug|Any CPU.Build.0 = Debug|Any CPU
		{C7E1F611-2319-45FA-936A-225BCAC13B3B}.Release|Any CPU.ActiveCfg = Release|Any CPU
		{C7E1F611-2319-45FA-936A-225BCAC13B3B}.Release|Any CPU.Build.0 = Release|Any CPU
		{7C8C0DE8-911E-49FA-9C7F-7DF48B573BB5}.Debug|Any CPU.ActiveCfg = Debug|Any CPU
		{7C8C0DE8-911E-49FA-9C7F-7DF48B573BB5}.Debug|Any CPU.Build.0 = Debug|Any CPU
		{7C8C0DE8-911E-49FA-9C7F-7DF48B573BB5}.Release|Any CPU.ActiveCfg = Release|Any CPU
		{7C8C0DE8-911E-49FA-9C7F-7DF48B573BB5}.Release|Any CPU.Build.0 = Release|Any CPU
		{CC9A6D44-9619-444F-99A6-9596744E9FD4}.Debug|Any CPU.ActiveCfg = Debug|Any CPU
		{CC9A6D44-9619-444F-99A6-9596744E9FD4}.Debug|Any CPU.Build.0 = Debug|Any CPU
		{CC9A6D44-9619-444F-99A6-9596744E9FD4}.Release|Any CPU.ActiveCfg = Release|Any CPU
		{CC9A6D44-9619-444F-99A6-9596744E9FD4}.Release|Any CPU.Build.0 = Release|Any CPU
		{52BBCC2B-6ACD-4B2C-8188-78794A6A4333}.Debug|Any CPU.ActiveCfg = Debug|Any CPU
		{52BBCC2B-6ACD-4B2C-8188-78794A6A4333}.Debug|Any CPU.Build.0 = Debug|Any CPU
		{52BBCC2B-6ACD-4B2C-8188-78794A6A4333}.Release|Any CPU.ActiveCfg = Release|Any CPU
		{52BBCC2B-6ACD-4B2C-8188-78794A6A4333}.Release|Any CPU.Build.0 = Release|Any CPU
		{25A7E15A-23E3-409D-987F-B5383F50614D}.Debug|Any CPU.ActiveCfg = Debug|Any CPU
		{25A7E15A-23E3-409D-987F-B5383F50614D}.Debug|Any CPU.Build.0 = Debug|Any CPU
		{25A7E15A-23E3-409D-987F-B5383F50614D}.Release|Any CPU.ActiveCfg = Release|Any CPU
		{25A7E15A-23E3-409D-987F-B5383F50614D}.Release|Any CPU.Build.0 = Release|Any CPU
	EndGlobalSection
	GlobalSection(SolutionProperties) = preSolution
		HideSolutionNode = FALSE
	EndGlobalSection
	GlobalSection(ExtensibilityGlobals) = postSolution
		SolutionGuid = {06D14A5F-1223-4395-BD9D-2864AAE73DC7}
	EndGlobalSection
EndGlobal
